
Microsoft Visual Studio Solution File, Format Version 12.00
# Visual Studio 14
VisualStudioVersion = 14.0.25420.1
MinimumVisualStudioVersion = 10.0.40219.1
Project("{FAE04EC0-301F-11D3-BF4B-00C04F79EFBC}") = "NalogCheck", "NalogCheck\NalogCheck.csproj", "{585E3D8E-1486-4BC3-BEA3-6E74F74E5B9E}"
EndProject
Project("{FAE04EC0-301F-11D3-BF4B-00C04F79EFBC}") = "API_KKT_Online", "API_KKT_Online\API_KKT_Online.csproj", "{EFCD7817-3783-4C33-86C8-0BC2E149E5A7}"
EndProject
Global
	GlobalSection(SolutionConfigurationPlatforms) = preSolution
		Debug|Any CPU = Debug|Any CPU
		Release|Any CPU = Release|Any CPU
	EndGlobalSection
	GlobalSection(ProjectConfigurationPlatforms) = postSolution
		{585E3D8E-1486-4BC3-BEA3-6E74F74E5B9E}.Debug|Any CPU.ActiveCfg = Debug|Any CPU
		{585E3D8E-1486-4BC3-BEA3-6E74F74E5B9E}.Debug|Any CPU.Build.0 = Debug|Any CPU
		{585E3D8E-1486-4BC3-BEA3-6E74F74E5B9E}.Release|Any CPU.ActiveCfg = Release|Any CPU
		{585E3D8E-1486-4BC3-BEA3-6E74F74E5B9E}.Release|Any CPU.Build.0 = Release|Any CPU
		{EFCD7817-3783-4C33-86C8-0BC2E149E5A7}.Debug|Any CPU.ActiveCfg = Debug|Any CPU
		{EFCD7817-3783-4C33-86C8-0BC2E149E5A7}.Debug|Any CPU.Build.0 = Debug|Any CPU
		{EFCD7817-3783-4C33-86C8-0BC2E149E5A7}.Release|Any CPU.ActiveCfg = Release|Any CPU
		{EFCD7817-3783-4C33-86C8-0BC2E149E5A7}.Release|Any CPU.Build.0 = Release|Any CPU
	EndGlobalSection
	GlobalSection(SolutionProperties) = preSolution
		HideSolutionNode = FALSE
	EndGlobalSection
EndGlobal
